
Microsoft Visual Studio Solution File, Format Version 12.00
# Visual Studio Version 17
VisualStudioVersion = 17.1.32328.378
MinimumVisualStudioVersion = 10.0.40219.1
Project("{FAE04EC0-301F-11D3-BF4B-00C04F79EFBC}") = "PaymentValidation", "PaymentValidation.csproj", "{3B85E2C0-FFC9-42A6-836E-2B1ACAAADE19}"
EndProject
Global
	GlobalSection(SolutionConfigurationPlatforms) = preSolution
		Debug|Any CPU = Debug|Any CPU
		Release|Any CPU = Release|Any CPU
	EndGlobalSection
	GlobalSection(ProjectConfigurationPlatforms) = postSolution
		{3B85E2C0-FFC9-42A6-836E-2B1ACAAADE19}.Debug|Any CPU.ActiveCfg = Debug|Any CPU
		{3B85E2C0-FFC9-42A6-836E-2B1ACAAADE19}.Debug|Any CPU.Build.0 = Debug|Any CPU
		{3B85E2C0-FFC9-42A6-836E-2B1ACAAADE19}.Release|Any CPU.ActiveCfg = Release|Any CPU
		{3B85E2C0-FFC9-42A6-836E-2B1ACAAADE19}.Release|Any CPU.Build.0 = Release|Any CPU
	EndGlobalSection
	GlobalSection(SolutionProperties) = preSolution
		HideSolutionNode = FALSE
	EndGlobalSection
	GlobalSection(ExtensibilityGlobals) = postSolution
		SolutionGuid = {4CF0720E-0A54-405E-8D31-150B34F9E616}
	EndGlobalSection
EndGlobal
